Microsoft Visual Studio Solution File, Format Version 11.00
# Visual Studio 2008

Project("{0CE09DA5-BE87-C4E8-973C-7159F2621343}") = "HGD_2016-17", "Assembly-CSharp.csproj", "{12FA48AC-3F22-1C37-5506-FEEB18688AF9}"
EndProject
Global
	GlobalSection(SolutionConfigurationPlatforms) = preSolution
		Debug|Any CPU = Debug|Any CPU
		Release|Any CPU = Release|Any CPU
	EndGlobalSection
	GlobalSection(ProjectConfigurationPlatforms) = postSolution
		{12FA48AC-3F22-1C37-5506-FEEB18688AF9}.Debug|Any CPU.ActiveCfg = Debug|Any CPU
		{12FA48AC-3F22-1C37-5506-FEEB18688AF9}.Debug|Any CPU.Build.0 = Debug|Any CPU
		{12FA48AC-3F22-1C37-5506-FEEB18688AF9}.Release|Any CPU.ActiveCfg = Release|Any CPU
		{12FA48AC-3F22-1C37-5506-FEEB18688AF9}.Release|Any CPU.Build.0 = Release|Any CPU
	EndGlobalSection
	GlobalSection(SolutionProperties) = preSolution
		HideSolutionNode = FALSE
	EndGlobalSection
	GlobalSection(MonoDevelopProperties) = preSolution
		StartupItem = Assembly-CSharp.csproj
	EndGlobalSection
EndGlobal
