
Microsoft Visual Studio Solution File, Format Version 12.00
# Visual Studio 2015
Project("{FAE04EC0-301F-11D3-BF4B-00C04F79EFBC}") = "HGD_2016-17.CSharp", "HGD_2016-17.CSharp.csproj", "{AD1E83C2-2BAF-91C2-0ABE-DAFF89C83DD8}"
EndProject
Global
	GlobalSection(SolutionConfigurationPlatforms) = preSolution
		Debug|Any CPU = Debug|Any CPU
		Release|Any CPU = Release|Any CPU
	EndGlobalSection
	GlobalSection(ProjectConfigurationPlatforms) = postSolution
		{AD1E83C2-2BAF-91C2-0ABE-DAFF89C83DD8}.Debug|Any CPU.ActiveCfg = Debug|Any CPU
		{AD1E83C2-2BAF-91C2-0ABE-DAFF89C83DD8}.Debug|Any CPU.Build.0 = Debug|Any CPU
		{AD1E83C2-2BAF-91C2-0ABE-DAFF89C83DD8}.Release|Any CPU.ActiveCfg = Release|Any CPU
		{AD1E83C2-2BAF-91C2-0ABE-DAFF89C83DD8}.Release|Any CPU.Build.0 = Release|Any CPU
	EndGlobalSection
	GlobalSection(SolutionProperties) = preSolution
		HideSolutionNode = FALSE
	EndGlobalSection
EndGlobal
